
Microsoft Visual Studio Solution File, Format Version 12.00
# Visual Studio 15
VisualStudioVersion = 15.0.26124.0
MinimumVisualStudioVersion = 15.0.26124.0
Project("{FAE04EC0-301F-11D3-BF4B-00C04F79EFBC}") = "FamiliaFeliz.Despensa.Infraestrutura", "FamiliaFeliz.Despensa.Infraestrutura\FamiliaFeliz.Despensa.Infraestrutura.csproj", "{1D0B7787-83D0-4AB0-B47A-AA62B01935EB}"
EndProject
Project("{FAE04EC0-301F-11D3-BF4B-00C04F79EFBC}") = "FamiliaFeliz.Despensa.Dominio.SharedKernel", "FamiliaFeliz.Despensa.Dominio.SharedKernel\FamiliaFeliz.Despensa.Dominio.SharedKernel.csproj", "{E30806F4-79DB-469D-AC0D-A9384D0E6F76}"
EndProject
Project("{FAE04EC0-301F-11D3-BF4B-00C04F79EFBC}") = "FamiliaFeliz.Despensa.Crosscutting.DTO", "FamiliaFeliz.Despensa.Crosscutting.DTO\FamiliaFeliz.Despensa.Crosscutting.DTO.csproj", "{92A63698-D4BD-4AA0-875B-125294207642}"
EndProject
Project("{FAE04EC0-301F-11D3-BF4B-00C04F79EFBC}") = "FamiliaFeliz.Despensa.Dominio.Contratos", "FamiliaFeliz.Despensa.Dominio.Contratos\FamiliaFeliz.Despensa.Dominio.Contratos.csproj", "{BA465732-CB54-484F-A943-8963AC8B1807}"
EndProject
Project("{FAE04EC0-301F-11D3-BF4B-00C04F79EFBC}") = "FamiliaFeliz.Despensa.Dominio.Modelo.Entrada", "FamiliaFeliz.Despensa.Dominio.Modelo.Entrada\FamiliaFeliz.Despensa.Dominio.Modelo.Entrada.csproj", "{BFBFFE50-733A-4CF0-8F1C-645F948F7ECE}"
EndProject
Project("{FAE04EC0-301F-11D3-BF4B-00C04F79EFBC}") = "FamiliaFeliz.Despensa.Dominio.Modelo.Local", "FamiliaFeliz.Despensa.Dominio.Modelo.Local\FamiliaFeliz.Despensa.Dominio.Modelo.Local.csproj", "{8C6F590D-8410-4F31-9B9A-7BEC77064BFD}"
EndProject
Project("{FAE04EC0-301F-11D3-BF4B-00C04F79EFBC}") = "FamiliaFeliz.Despensa.Dominio.Servicos", "FamiliaFeliz.Despensa.Dominio.Servicos\FamiliaFeliz.Despensa.Dominio.Servicos.csproj", "{DC9DD518-01DD-4602-A40A-1411A31C1FA3}"
EndProject
Project("{FAE04EC0-301F-11D3-BF4B-00C04F79EFBC}") = "FamiliaFeliz.Despensa.Aplicacao.Contratos", "FamiliaFeliz.Despensa.Aplicacao.Contratos\FamiliaFeliz.Despensa.Aplicacao.Contratos.csproj", "{4F69FF33-82BF-4E3E-9F6C-E3FC385D03C6}"
EndProject
Project("{FAE04EC0-301F-11D3-BF4B-00C04F79EFBC}") = "FamiliaFeliz.Despensa.Aplicacao.Servicos", "FamiliaFeliz.Despensa.Aplicacao.Servicos\FamiliaFeliz.Despensa.Aplicacao.Servicos.csproj", "{1E9999EC-37E0-46F9-AC7C-1FC225A745ED}"
EndProject
Project("{FAE04EC0-301F-11D3-BF4B-00C04F79EFBC}") = "FamiliaFeliz.Despensa.UI.WebApi", "FamiliaFeliz.Despensa.UI.WebApi\FamiliaFeliz.Despensa.UI.WebApi.csproj", "{F6E66062-763C-41DA-A9AF-6F03C74FEA95}"
EndProject
Global
	GlobalSection(SolutionConfigurationPlatforms) = preSolution
		Debug|Any CPU = Debug|Any CPU
		Debug|x64 = Debug|x64
		Debug|x86 = Debug|x86
		Release|Any CPU = Release|Any CPU
		Release|x64 = Release|x64
		Release|x86 = Release|x86
	EndGlobalSection
	GlobalSection(SolutionProperties) = preSolution
		HideSolutionNode = FALSE
	EndGlobalSection
	GlobalSection(ProjectConfigurationPlatforms) = postSolution
		{1D0B7787-83D0-4AB0-B47A-AA62B01935EB}.Debug|Any CPU.ActiveCfg = Debug|Any CPU
		{1D0B7787-83D0-4AB0-B47A-AA62B01935EB}.Debug|Any CPU.Build.0 = Debug|Any CPU
		{1D0B7787-83D0-4AB0-B47A-AA62B01935EB}.Debug|x64.ActiveCfg = Debug|x64
		{1D0B7787-83D0-4AB0-B47A-AA62B01935EB}.Debug|x64.Build.0 = Debug|x64
		{1D0B7787-83D0-4AB0-B47A-AA62B01935EB}.Debug|x86.ActiveCfg = Debug|x86
		{1D0B7787-83D0-4AB0-B47A-AA62B01935EB}.Debug|x86.Build.0 = Debug|x86
		{1D0B7787-83D0-4AB0-B47A-AA62B01935EB}.Release|Any CPU.ActiveCfg = Release|Any CPU
		{1D0B7787-83D0-4AB0-B47A-AA62B01935EB}.Release|Any CPU.Build.0 = Release|Any CPU
		{1D0B7787-83D0-4AB0-B47A-AA62B01935EB}.Release|x64.ActiveCfg = Release|x64
		{1D0B7787-83D0-4AB0-B47A-AA62B01935EB}.Release|x64.Build.0 = Release|x64
		{1D0B7787-83D0-4AB0-B47A-AA62B01935EB}.Release|x86.ActiveCfg = Release|x86
		{1D0B7787-83D0-4AB0-B47A-AA62B01935EB}.Release|x86.Build.0 = Release|x86
		{E30806F4-79DB-469D-AC0D-A9384D0E6F76}.Debug|Any CPU.ActiveCfg = Debug|Any CPU
		{E30806F4-79DB-469D-AC0D-A9384D0E6F76}.Debug|Any CPU.Build.0 = Debug|Any CPU
		{E30806F4-79DB-469D-AC0D-A9384D0E6F76}.Debug|x64.ActiveCfg = Debug|x64
		{E30806F4-79DB-469D-AC0D-A9384D0E6F76}.Debug|x64.Build.0 = Debug|x64
		{E30806F4-79DB-469D-AC0D-A9384D0E6F76}.Debug|x86.ActiveCfg = Debug|x86
		{E30806F4-79DB-469D-AC0D-A9384D0E6F76}.Debug|x86.Build.0 = Debug|x86
		{E30806F4-79DB-469D-AC0D-A9384D0E6F76}.Release|Any CPU.ActiveCfg = Release|Any CPU
		{E30806F4-79DB-469D-AC0D-A9384D0E6F76}.Release|Any CPU.Build.0 = Release|Any CPU
		{E30806F4-79DB-469D-AC0D-A9384D0E6F76}.Release|x64.ActiveCfg = Release|x64
		{E30806F4-79DB-469D-AC0D-A9384D0E6F76}.Release|x64.Build.0 = Release|x64
		{E30806F4-79DB-469D-AC0D-A9384D0E6F76}.Release|x86.ActiveCfg = Release|x86
		{E30806F4-79DB-469D-AC0D-A9384D0E6F76}.Release|x86.Build.0 = Release|x86
		{92A63698-D4BD-4AA0-875B-125294207642}.Debug|Any CPU.ActiveCfg = Debug|Any CPU
		{92A63698-D4BD-4AA0-875B-125294207642}.Debug|Any CPU.Build.0 = Debug|Any CPU
		{92A63698-D4BD-4AA0-875B-125294207642}.Debug|x64.ActiveCfg = Debug|x64
		{92A63698-D4BD-4AA0-875B-125294207642}.Debug|x64.Build.0 = Debug|x64
		{92A63698-D4BD-4AA0-875B-125294207642}.Debug|x86.ActiveCfg = Debug|x86
		{92A63698-D4BD-4AA0-875B-125294207642}.Debug|x86.Build.0 = Debug|x86
		{92A63698-D4BD-4AA0-875B-125294207642}.Release|Any CPU.ActiveCfg = Release|Any CPU
		{92A63698-D4BD-4AA0-875B-125294207642}.Release|Any CPU.Build.0 = Release|Any CPU
		{92A63698-D4BD-4AA0-875B-125294207642}.Release|x64.ActiveCfg = Release|x64
		{92A63698-D4BD-4AA0-875B-125294207642}.Release|x64.Build.0 = Release|x64
		{92A63698-D4BD-4AA0-875B-125294207642}.Release|x86.ActiveCfg = Release|x86
		{92A63698-D4BD-4AA0-875B-125294207642}.Release|x86.Build.0 = Release|x86
		{BA465732-CB54-484F-A943-8963AC8B1807}.Debug|Any CPU.ActiveCfg = Debug|Any CPU
		{BA465732-CB54-484F-A943-8963AC8B1807}.Debug|Any CPU.Build.0 = Debug|Any CPU
		{BA465732-CB54-484F-A943-8963AC8B1807}.Debug|x64.ActiveCfg = Debug|x64
		{BA465732-CB54-484F-A943-8963AC8B1807}.Debug|x64.Build.0 = Debug|x64
		{BA465732-CB54-484F-A943-8963AC8B1807}.Debug|x86.ActiveCfg = Debug|x86
		{BA465732-CB54-484F-A943-8963AC8B1807}.Debug|x86.Build.0 = Debug|x86
		{BA465732-CB54-484F-A943-8963AC8B1807}.Release|Any CPU.ActiveCfg = Release|Any CPU
		{BA465732-CB54-484F-A943-8963AC8B1807}.Release|Any CPU.Build.0 = Release|Any CPU
		{BA465732-CB54-484F-A943-8963AC8B1807}.Release|x64.ActiveCfg = Release|x64
		{BA465732-CB54-484F-A943-8963AC8B1807}.Release|x64.Build.0 = Release|x64
		{BA465732-CB54-484F-A943-8963AC8B1807}.Release|x86.ActiveCfg = Release|x86
		{BA465732-CB54-484F-A943-8963AC8B1807}.Release|x86.Build.0 = Release|x86
		{BFBFFE50-733A-4CF0-8F1C-645F948F7ECE}.Debug|Any CPU.ActiveCfg = Debug|Any CPU
		{BFBFFE50-733A-4CF0-8F1C-645F948F7ECE}.Debug|Any CPU.Build.0 = Debug|Any CPU
		{BFBFFE50-733A-4CF0-8F1C-645F948F7ECE}.Debug|x64.ActiveCfg = Debug|x64
		{BFBFFE50-733A-4CF0-8F1C-645F948F7ECE}.Debug|x64.Build.0 = Debug|x64
		{BFBFFE50-733A-4CF0-8F1C-645F948F7ECE}.Debug|x86.ActiveCfg = Debug|x86
		{BFBFFE50-733A-4CF0-8F1C-645F948F7ECE}.Debug|x86.Build.0 = Debug|x86
		{BFBFFE50-733A-4CF0-8F1C-645F948F7ECE}.Release|Any CPU.ActiveCfg = Release|Any CPU
		{BFBFFE50-733A-4CF0-8F1C-645F948F7ECE}.Release|Any CPU.Build.0 = Release|Any CPU
		{BFBFFE50-733A-4CF0-8F1C-645F948F7ECE}.Release|x64.ActiveCfg = Release|x64
		{BFBFFE50-733A-4CF0-8F1C-645F948F7ECE}.Release|x64.Build.0 = Release|x64
		{BFBFFE50-733A-4CF0-8F1C-645F948F7ECE}.Release|x86.ActiveCfg = Release|x86
		{BFBFFE50-733A-4CF0-8F1C-645F948F7ECE}.Release|x86.Build.0 = Release|x86
		{8C6F590D-8410-4F31-9B9A-7BEC77064BFD}.Debug|Any CPU.ActiveCfg = Debug|Any CPU
		{8C6F590D-8410-4F31-9B9A-7BEC77064BFD}.Debug|Any CPU.Build.0 = Debug|Any CPU
		{8C6F590D-8410-4F31-9B9A-7BEC77064BFD}.Debug|x64.ActiveCfg = Debug|x64
		{8C6F590D-8410-4F31-9B9A-7BEC77064BFD}.Debug|x64.Build.0 = Debug|x64
		{8C6F590D-8410-4F31-9B9A-7BEC77064BFD}.Debug|x86.ActiveCfg = Debug|x86
		{8C6F590D-8410-4F31-9B9A-7BEC77064BFD}.Debug|x86.Build.0 = Debug|x86
		{8C6F590D-8410-4F31-9B9A-7BEC77064BFD}.Release|Any CPU.ActiveCfg = Release|Any CPU
		{8C6F590D-8410-4F31-9B9A-7BEC77064BFD}.Release|Any CPU.Build.0 = Release|Any CPU
		{8C6F590D-8410-4F31-9B9A-7BEC77064BFD}.Release|x64.ActiveCfg = Release|x64
		{8C6F590D-8410-4F31-9B9A-7BEC77064BFD}.Release|x64.Build.0 = Release|x64
		{8C6F590D-8410-4F31-9B9A-7BEC77064BFD}.Release|x86.ActiveCfg = Release|x86
		{8C6F590D-8410-4F31-9B9A-7BEC77064BFD}.Release|x86.Build.0 = Release|x86
		{DC9DD518-01DD-4602-A40A-1411A31C1FA3}.Debug|Any CPU.ActiveCfg = Debug|Any CPU
		{DC9DD518-01DD-4602-A40A-1411A31C1FA3}.Debug|Any CPU.Build.0 = Debug|Any CPU
		{DC9DD518-01DD-4602-A40A-1411A31C1FA3}.Debug|x64.ActiveCfg = Debug|x64
		{DC9DD518-01DD-4602-A40A-1411A31C1FA3}.Debug|x64.Build.0 = Debug|x64
		{DC9DD518-01DD-4602-A40A-1411A31C1FA3}.Debug|x86.ActiveCfg = Debug|x86
		{DC9DD518-01DD-4602-A40A-1411A31C1FA3}.Debug|x86.Build.0 = Debug|x86
		{DC9DD518-01DD-4602-A40A-1411A31C1FA3}.Release|Any CPU.ActiveCfg = Release|Any CPU
		{DC9DD518-01DD-4602-A40A-1411A31C1FA3}.Release|Any CPU.Build.0 = Release|Any CPU
		{DC9DD518-01DD-4602-A40A-1411A31C1FA3}.Release|x64.ActiveCfg = Release|x64
		{DC9DD518-01DD-4602-A40A-1411A31C1FA3}.Release|x64.Build.0 = Release|x64
		{DC9DD518-01DD-4602-A40A-1411A31C1FA3}.Release|x86.ActiveCfg = Release|x86
		{DC9DD518-01DD-4602-A40A-1411A31C1FA3}.Release|x86.Build.0 = Release|x86
		{4F69FF33-82BF-4E3E-9F6C-E3FC385D03C6}.Debug|Any CPU.ActiveCfg = Debug|Any CPU
		{4F69FF33-82BF-4E3E-9F6C-E3FC385D03C6}.Debug|Any CPU.Build.0 = Debug|Any CPU
		{4F69FF33-82BF-4E3E-9F6C-E3FC385D03C6}.Debug|x64.ActiveCfg = Debug|x64
		{4F69FF33-82BF-4E3E-9F6C-E3FC385D03C6}.Debug|x64.Build.0 = Debug|x64
		{4F69FF33-82BF-4E3E-9F6C-E3FC385D03C6}.Debug|x86.ActiveCfg = Debug|x86
		{4F69FF33-82BF-4E3E-9F6C-E3FC385D03C6}.Debug|x86.Build.0 = Debug|x86
		{4F69FF33-82BF-4E3E-9F6C-E3FC385D03C6}.Release|Any CPU.ActiveCfg = Release|Any CPU
		{4F69FF33-82BF-4E3E-9F6C-E3FC385D03C6}.Release|Any CPU.Build.0 = Release|Any CPU
		{4F69FF33-82BF-4E3E-9F6C-E3FC385D03C6}.Release|x64.ActiveCfg = Release|x64
		{4F69FF33-82BF-4E3E-9F6C-E3FC385D03C6}.Release|x64.Build.0 = Release|x64
		{4F69FF33-82BF-4E3E-9F6C-E3FC385D03C6}.Release|x86.ActiveCfg = Release|x86
		{4F69FF33-82BF-4E3E-9F6C-E3FC385D03C6}.Release|x86.Build.0 = Release|x86
		{1E9999EC-37E0-46F9-AC7C-1FC225A745ED}.Debug|Any CPU.ActiveCfg = Debug|Any CPU
		{1E9999EC-37E0-46F9-AC7C-1FC225A745ED}.Debug|Any CPU.Build.0 = Debug|Any CPU
		{1E9999EC-37E0-46F9-AC7C-1FC225A745ED}.Debug|x64.ActiveCfg = Debug|x64
		{1E9999EC-37E0-46F9-AC7C-1FC225A745ED}.Debug|x64.Build.0 = Debug|x64
		{1E9999EC-37E0-46F9-AC7C-1FC225A745ED}.Debug|x86.ActiveCfg = Debug|x86
		{1E9999EC-37E0-46F9-AC7C-1FC225A745ED}.Debug|x86.Build.0 = Debug|x86
		{1E9999EC-37E0-46F9-AC7C-1FC225A745ED}.Release|Any CPU.ActiveCfg = Release|Any CPU
		{1E9999EC-37E0-46F9-AC7C-1FC225A745ED}.Release|Any CPU.Build.0 = Release|Any CPU
		{1E9999EC-37E0-46F9-AC7C-1FC225A745ED}.Release|x64.ActiveCfg = Release|x64
		{1E9999EC-37E0-46F9-AC7C-1FC225A745ED}.Release|x64.Build.0 = Release|x64
		{1E9999EC-37E0-46F9-AC7C-1FC225A745ED}.Release|x86.ActiveCfg = Release|x86
		{1E9999EC-37E0-46F9-AC7C-1FC225A745ED}.Release|x86.Build.0 = Release|x86
		{F6E66062-763C-41DA-A9AF-6F03C74FEA95}.Debug|Any CPU.ActiveCfg = Debug|Any CPU
		{F6E66062-763C-41DA-A9AF-6F03C74FEA95}.Debug|Any CPU.Build.0 = Debug|Any CPU
		{F6E66062-763C-41DA-A9AF-6F03C74FEA95}.Debug|x64.ActiveCfg = Debug|x64
		{F6E66062-763C-41DA-A9AF-6F03C74FEA95}.Debug|x64.Build.0 = Debug|x64
		{F6E66062-763C-41DA-A9AF-6F03C74FEA95}.Debug|x86.ActiveCfg = Debug|x86
		{F6E66062-763C-41DA-A9AF-6F03C74FEA95}.Debug|x86.Build.0 = Debug|x86
		{F6E66062-763C-41DA-A9AF-6F03C74FEA95}.Release|Any CPU.ActiveCfg = Release|Any CPU
		{F6E66062-763C-41DA-A9AF-6F03C74FEA95}.Release|Any CPU.Build.0 = Release|Any CPU
		{F6E66062-763C-41DA-A9AF-6F03C74FEA95}.Release|x64.ActiveCfg = Release|x64
		{F6E66062-763C-41DA-A9AF-6F03C74FEA95}.Release|x64.Build.0 = Release|x64
		{F6E66062-763C-41DA-A9AF-6F03C74FEA95}.Release|x86.ActiveCfg = Release|x86
		{F6E66062-763C-41DA-A9AF-6F03C74FEA95}.Release|x86.Build.0 = Release|x86
	EndGlobalSection
EndGlobal
